
Microsoft Visual Studio Solution File, Format Version 12.00
Project("{FAE04EC0-301F-11D3-BF4B-00C04F79EFBC}") = "AISOptimization.UI", "AISOptimization.UI\AISOptimization.UI.csproj", "{4E5FBE9D-C24D-47ED-8725-A2970EF0E4EE}"
EndProject
Project("{FAE04EC0-301F-11D3-BF4B-00C04F79EFBC}") = "AISOptimization.Core", "AISOptimization.Core\AISOptimization.Core.csproj", "{08EE6CFA-1468-4558-B2C1-B12C6FBE6D76}"
EndProject
Project("{FAE04EC0-301F-11D3-BF4B-00C04F79EFBC}") = "WPF.Base", "WPF.Base\WPF.Base.csproj", "{01031C9E-721E-4398-9A32-65F2941C86C3}"
EndProject
Global
	GlobalSection(SolutionConfigurationPlatforms) = preSolution
		Debug|Any CPU = Debug|Any CPU
		Release|Any CPU = Release|Any CPU
	EndGlobalSection
	GlobalSection(ProjectConfigurationPlatforms) = postSolution
		{4E5FBE9D-C24D-47ED-8725-A2970EF0E4EE}.Debug|Any CPU.ActiveCfg = Debug|Any CPU
		{4E5FBE9D-C24D-47ED-8725-A2970EF0E4EE}.Debug|Any CPU.Build.0 = Debug|Any CPU
		{4E5FBE9D-C24D-47ED-8725-A2970EF0E4EE}.Release|Any CPU.ActiveCfg = Release|Any CPU
		{4E5FBE9D-C24D-47ED-8725-A2970EF0E4EE}.Release|Any CPU.Build.0 = Release|Any CPU
		{08EE6CFA-1468-4558-B2C1-B12C6FBE6D76}.Debug|Any CPU.ActiveCfg = Debug|Any CPU
		{08EE6CFA-1468-4558-B2C1-B12C6FBE6D76}.Debug|Any CPU.Build.0 = Debug|Any CPU
		{08EE6CFA-1468-4558-B2C1-B12C6FBE6D76}.Release|Any CPU.ActiveCfg = Release|Any CPU
		{08EE6CFA-1468-4558-B2C1-B12C6FBE6D76}.Release|Any CPU.Build.0 = Release|Any CPU
		{01031C9E-721E-4398-9A32-65F2941C86C3}.Debug|Any CPU.ActiveCfg = Debug|Any CPU
		{01031C9E-721E-4398-9A32-65F2941C86C3}.Debug|Any CPU.Build.0 = Debug|Any CPU
		{01031C9E-721E-4398-9A32-65F2941C86C3}.Release|Any CPU.ActiveCfg = Release|Any CPU
		{01031C9E-721E-4398-9A32-65F2941C86C3}.Release|Any CPU.Build.0 = Release|Any CPU
	EndGlobalSection
EndGlobal
